{
  "name": "Stotele.Server",
  "lockfileVersion": 2,
  "requires": true,
  "packages": {
    "": {
      "dependencies": {
        "react-toastify": "^9.0.3",
        "toastify": "^2.0.1"
      },
      "devDependencies": {
        "@types/react-toastify": "^4.1.0"
      }
    },
    "node_modules/@types/react-toastify": {
      "version": "4.1.0",
      "resolved": "https://registry.npmjs.org/@types/react-toastify/-/react-toastify-4.1.0.tgz",
      "integrity": "sha512-u7Ie/7LHBsPVz/iJxi/WlRDS7Gh9csCJACTDXx+pSLuZCm94xpkwzhM3jV1L5ZxP/in0Gp2tFbJ91VrSGr1gyQ==",
      "deprecated": "This is a stub types definition. react-toastify provides its own type definitions, so you do not need this installed.",
      "dev": true,
      "dependencies": {
        "react-toastify": "*"
      }
    },
    "node_modules/clsx": {
      "version": "1.2.1",
      "resolved": "https://registry.npmjs.org/clsx/-/clsx-1.2.1.tgz",
      "integrity": "sha512-EcR6r5a8bj6pu3ycsa/E/cKVGuTgZJZdsyUYHOksG/UHIiKfjxzRxYJpyVBwYaQeOvghal9fcc4PidlgzugAQg==",
      "engines": {
        "node": ">=6"
      }
    },
    "node_modules/react": {
      "version": "19.0.0",
      "resolved": "https://registry.npmjs.org/react/-/react-19.0.0.tgz",
      "integrity": "sha512-V8AVnmPIICiWpGfm6GLzCR/W5FXLchHop40W4nXBmdlEceh16rCN8O8LNWm5bh5XUX91fh7KpA+W0TgMKmgTpQ==",
      "peer": true,
      "engines": {
        "node": ">=0.10.0"
      }
    },
    "node_modules/react-dom": {
      "version": "19.0.0",
      "resolved": "https://registry.npmjs.org/react-dom/-/react-dom-19.0.0.tgz",
      "integrity": "sha512-4GV5sHFG0e/0AD4X+ySy6UJd3jVl1iNsNHdpad0qhABJ11twS3TTBnseqsKurKcsNqCEFeGL3uLpVChpIO3QfQ==",
      "peer": true,
      "dependencies": {
        "scheduler": "^0.25.0"
      },
      "peerDependencies": {
        "react": "^19.0.0"
      }
    },
    "node_modules/react-toastify": {
      "version": "9.0.3",
      "resolved": "https://registry.npmjs.org/react-toastify/-/react-toastify-9.0.3.tgz",
      "integrity": "sha512-0QZJk0SqYBxouRBGCFU3ymvjlwimRRhVH7SzqGRiVrQ001KSoUNbGKx9Yq42aoPv18n45yJzEFG82zqv3HnASg==",
      "dependencies": {
        "clsx": "^1.1.1"
      },
      "peerDependencies": {
        "react": ">=16",
        "react-dom": ">=16"
      }
    },
    "node_modules/scheduler": {
      "version": "0.25.0",
      "resolved": "https://registry.npmjs.org/scheduler/-/scheduler-0.25.0.tgz",
      "integrity": "sha512-xFVuu11jh+xcO7JOAGJNOXld8/TcEHK/4CituBUeUb5hqxJLj9YuemAEuvm9gQ/+pgXYfbQuqAkiYu+u7YEsNA==",
      "peer": true
    },
    "node_modules/toastify": {
      "version": "2.0.1",
      "resolved": "https://registry.npmjs.org/toastify/-/toastify-2.0.1.tgz",
      "integrity": "sha512-Me/O93yAlwiHYwqX0su60Wv+X9ngzIT6nBLbNAFED095gMSjCBYKdu+faBxV6SE8CiQjUTBLrz8LwoXMtGz+yw=="
    }
  },
  "dependencies": {
    "@types/react-toastify": {
      "version": "4.1.0",
      "resolved": "https://registry.npmjs.org/@types/react-toastify/-/react-toastify-4.1.0.tgz",
      "integrity": "sha512-u7Ie/7LHBsPVz/iJxi/WlRDS7Gh9csCJACTDXx+pSLuZCm94xpkwzhM3jV1L5ZxP/in0Gp2tFbJ91VrSGr1gyQ==",
      "dev": true,
      "requires": {
        "react-toastify": "*"
      }
    },
    "clsx": {
      "version": "1.2.1",
      "resolved": "https://registry.npmjs.org/clsx/-/clsx-1.2.1.tgz",
      "integrity": "sha512-EcR6r5a8bj6pu3ycsa/E/cKVGuTgZJZdsyUYHOksG/UHIiKfjxzRxYJpyVBwYaQeOvghal9fcc4PidlgzugAQg=="
    },
    "react": {
      "version": "19.0.0",
      "resolved": "https://registry.npmjs.org/react/-/react-19.0.0.tgz",
      "integrity": "sha512-V8AVnmPIICiWpGfm6GLzCR/W5FXLchHop40W4nXBmdlEceh16rCN8O8LNWm5bh5XUX91fh7KpA+W0TgMKmgTpQ==",
      "peer": true
    },
    "react-dom": {
      "version": "19.0.0",
      "resolved": "https://registry.npmjs.org/react-dom/-/react-dom-19.0.0.tgz",
      "integrity": "sha512-4GV5sHFG0e/0AD4X+ySy6UJd3jVl1iNsNHdpad0qhABJ11twS3TTBnseqsKurKcsNqCEFeGL3uLpVChpIO3QfQ==",
      "peer": true,
      "requires": {
        "scheduler": "^0.25.0"
      }
    },
    "react-toastify": {
      "version": "9.0.3",
      "resolved": "https://registry.npmjs.org/react-toastify/-/react-toastify-9.0.3.tgz",
      "integrity": "sha512-0QZJk0SqYBxouRBGCFU3ymvjlwimRRhVH7SzqGRiVrQ001KSoUNbGKx9Yq42aoPv18n45yJzEFG82zqv3HnASg==",
      "requires": {
        "clsx": "^1.1.1"
      }
    },
    "scheduler": {
      "version": "0.25.0",
      "resolved": "https://registry.npmjs.org/scheduler/-/scheduler-0.25.0.tgz",
      "integrity": "sha512-xFVuu11jh+xcO7JOAGJNOXld8/TcEHK/4CituBUeUb5hqxJLj9YuemAEuvm9gQ/+pgXYfbQuqAkiYu+u7YEsNA==",
      "peer": true
    },
    "toastify": {
      "version": "2.0.1",
      "resolved": "https://registry.npmjs.org/toastify/-/toastify-2.0.1.tgz",
      "integrity": "sha512-Me/O93yAlwiHYwqX0su60Wv+X9ngzIT6nBLbNAFED095gMSjCBYKdu+faBxV6SE8CiQjUTBLrz8LwoXMtGz+yw=="
    }
  }
}
